
Microsoft Visual Studio Solution File, Format Version 12.00
# Visual Studio Version 17
VisualStudioVersion = 17.7.34202.233
MinimumVisualStudioVersion = 10.0.40219.1
Project("{FAE04EC0-301F-11D3-BF4B-00C04F79EFBC}") = "Dz", "Dz\Dz.csproj", "{4C190DA7-386E-4811-8120-43ED239236D9}"
EndProject
Global
	GlobalSection(SolutionConfigurationPlatforms) = preSolution
		Debug|Any CPU = Debug|Any CPU
		Release|Any CPU = Release|Any CPU
	EndGlobalSection
	GlobalSection(ProjectConfigurationPlatforms) = postSolution
		{4C190DA7-386E-4811-8120-43ED239236D9}.Debug|Any CPU.ActiveCfg = Debug|Any CPU
		{4C190DA7-386E-4811-8120-43ED239236D9}.Debug|Any CPU.Build.0 = Debug|Any CPU
		{4C190DA7-386E-4811-8120-43ED239236D9}.Release|Any CPU.ActiveCfg = Release|Any CPU
		{4C190DA7-386E-4811-8120-43ED239236D9}.Release|Any CPU.Build.0 = Release|Any CPU
	EndGlobalSection
	GlobalSection(SolutionProperties) = preSolution
		HideSolutionNode = FALSE
	EndGlobalSection
	GlobalSection(ExtensibilityGlobals) = postSolution
		SolutionGuid = {D0DDC51D-DD22-46BD-991B-CF68A50937E8}
	EndGlobalSection
EndGlobal
